
Microsoft Visual Studio Solution File, Format Version 12.00
# Visual Studio 14
VisualStudioVersion = 14.0.25420.1
MinimumVisualStudioVersion = 10.0.40219.1
Project("{FAE04EC0-301F-11D3-BF4B-00C04F79EFBC}") = "CSharpPlayground", "CSharpPlayground\CSharpPlayground.csproj", "{02508EE2-D0BC-48CC-94B4-5684E6343E69}"
EndProject
Project("{FAE04EC0-301F-11D3-BF4B-00C04F79EFBC}") = "RoundedRectangle", "RoundedRectangle\RoundedRectangle.csproj", "{9B3BF724-57D1-4097-983B-9B169A7CD654}"
EndProject
Global
	GlobalSection(SolutionConfigurationPlatforms) = preSolution
		Debug|Any CPU = Debug|Any CPU
		Debug|ARM = Debug|ARM
		Debug|x64 = Debug|x64
		Debug|x86 = Debug|x86
		Release|Any CPU = Release|Any CPU
		Release|ARM = Release|ARM
		Release|x64 = Release|x64
		Release|x86 = Release|x86
	EndGlobalSection
	GlobalSection(ProjectConfigurationPlatforms) = postSolution
		{02508EE2-D0BC-48CC-94B4-5684E6343E69}.Debug|Any CPU.ActiveCfg = Debug|x86
		{02508EE2-D0BC-48CC-94B4-5684E6343E69}.Debug|ARM.ActiveCfg = Debug|ARM
		{02508EE2-D0BC-48CC-94B4-5684E6343E69}.Debug|ARM.Build.0 = Debug|ARM
		{02508EE2-D0BC-48CC-94B4-5684E6343E69}.Debug|ARM.Deploy.0 = Debug|ARM
		{02508EE2-D0BC-48CC-94B4-5684E6343E69}.Debug|x64.ActiveCfg = Debug|x64
		{02508EE2-D0BC-48CC-94B4-5684E6343E69}.Debug|x64.Build.0 = Debug|x64
		{02508EE2-D0BC-48CC-94B4-5684E6343E69}.Debug|x64.Deploy.0 = Debug|x64
		{02508EE2-D0BC-48CC-94B4-5684E6343E69}.Debug|x86.ActiveCfg = Debug|x86
		{02508EE2-D0BC-48CC-94B4-5684E6343E69}.Debug|x86.Build.0 = Debug|x86
		{02508EE2-D0BC-48CC-94B4-5684E6343E69}.Debug|x86.Deploy.0 = Debug|x86
		{02508EE2-D0BC-48CC-94B4-5684E6343E69}.Release|Any CPU.ActiveCfg = Release|x86
		{02508EE2-D0BC-48CC-94B4-5684E6343E69}.Release|ARM.ActiveCfg = Release|ARM
		{02508EE2-D0BC-48CC-94B4-5684E6343E69}.Release|ARM.Build.0 = Release|ARM
		{02508EE2-D0BC-48CC-94B4-5684E6343E69}.Release|ARM.Deploy.0 = Release|ARM
		{02508EE2-D0BC-48CC-94B4-5684E6343E69}.Release|x64.ActiveCfg = Release|x64
		{02508EE2-D0BC-48CC-94B4-5684E6343E69}.Release|x64.Build.0 = Release|x64
		{02508EE2-D0BC-48CC-94B4-5684E6343E69}.Release|x64.Deploy.0 = Release|x64
		{02508EE2-D0BC-48CC-94B4-5684E6343E69}.Release|x86.ActiveCfg = Release|x86
		{02508EE2-D0BC-48CC-94B4-5684E6343E69}.Release|x86.Build.0 = Release|x86
		{02508EE2-D0BC-48CC-94B4-5684E6343E69}.Release|x86.Deploy.0 = Release|x86
		{9B3BF724-57D1-4097-983B-9B169A7CD654}.Debug|Any CPU.ActiveCfg = Debug|Any CPU
		{9B3BF724-57D1-4097-983B-9B169A7CD654}.Debug|Any CPU.Build.0 = Debug|Any CPU
		{9B3BF724-57D1-4097-983B-9B169A7CD654}.Debug|ARM.ActiveCfg = Debug|Any CPU
		{9B3BF724-57D1-4097-983B-9B169A7CD654}.Debug|ARM.Build.0 = Debug|Any CPU
		{9B3BF724-57D1-4097-983B-9B169A7CD654}.Debug|x64.ActiveCfg = Debug|Any CPU
		{9B3BF724-57D1-4097-983B-9B169A7CD654}.Debug|x64.Build.0 = Debug|Any CPU
		{9B3BF724-57D1-4097-983B-9B169A7CD654}.Debug|x86.ActiveCfg = Debug|Any CPU
		{9B3BF724-57D1-4097-983B-9B169A7CD654}.Debug|x86.Build.0 = Debug|Any CPU
		{9B3BF724-57D1-4097-983B-9B169A7CD654}.Release|Any CPU.ActiveCfg = Release|Any CPU
		{9B3BF724-57D1-4097-983B-9B169A7CD654}.Release|Any CPU.Build.0 = Release|Any CPU
		{9B3BF724-57D1-4097-983B-9B169A7CD654}.Release|ARM.ActiveCfg = Release|Any CPU
		{9B3BF724-57D1-4097-983B-9B169A7CD654}.Release|ARM.Build.0 = Release|Any CPU
		{9B3BF724-57D1-4097-983B-9B169A7CD654}.Release|x64.ActiveCfg = Release|Any CPU
		{9B3BF724-57D1-4097-983B-9B169A7CD654}.Release|x64.Build.0 = Release|Any CPU
		{9B3BF724-57D1-4097-983B-9B169A7CD654}.Release|x86.ActiveCfg = Release|Any CPU
		{9B3BF724-57D1-4097-983B-9B169A7CD654}.Release|x86.Build.0 = Release|Any CPU
	EndGlobalSection
	GlobalSection(SolutionProperties) = preSolution
		HideSolutionNode = FALSE
	EndGlobalSection
EndGlobal
